
Microsoft Visual Studio Solution File, Format Version 12.00
# Visual Studio Version 17
VisualStudioVersion = 17.11.35327.3
MinimumVisualStudioVersion = 10.0.40219.1
Project("{FAE04EC0-301F-11D3-BF4B-00C04F79EFBC}") = "src", "src\src.csproj", "{909021F9-C177-4CCE-AC58-1F7A96B11AA6}"
EndProject
Global
	GlobalSection(SolutionConfigurationPlatforms) = preSolution
		Debug|Any CPU = Debug|Any CPU
		Release|Any CPU = Release|Any CPU
	EndGlobalSection
	GlobalSection(ProjectConfigurationPlatforms) = postSolution
		{909021F9-C177-4CCE-AC58-1F7A96B11AA6}.Debug|Any CPU.ActiveCfg = Debug|Any CPU
		{909021F9-C177-4CCE-AC58-1F7A96B11AA6}.Debug|Any CPU.Build.0 = Debug|Any CPU
		{909021F9-C177-4CCE-AC58-1F7A96B11AA6}.Release|Any CPU.ActiveCfg = Release|Any CPU
		{909021F9-C177-4CCE-AC58-1F7A96B11AA6}.Release|Any CPU.Build.0 = Release|Any CPU
	EndGlobalSection
	GlobalSection(SolutionProperties) = preSolution
		HideSolutionNode = FALSE
	EndGlobalSection
	GlobalSection(ExtensibilityGlobals) = postSolution
		SolutionGuid = {A1C792C4-F8E6-46DE-9049-CF5018A35FAC}
	EndGlobalSection
EndGlobal
